// !$*UTF8*$!
{
	archiveVersion = 1;
	classes = {
	};
	objectVersion = 77;
	objects = {

/* Begin PBXBuildFile section */
		1F5E5FA37F79F234D1EF16B5 /* SettingsView.swift in Sources */ = {isa = PBXBuildFile; fileRef = 136371FDA8A3B3753BD34448 /* SettingsView.swift */; };
		3BE1E5B4ADA4F7123BD9DDBF /* ClipNameSheet.swift in Sources */ = {isa = PBXBuildFile; fileRef = 24D8C2F51121CB50DC6B7507 /* ClipNameSheet.swift */; };
		4648764A9A09462EC7EB5C39 /* DropboxManager.swift in Sources */ = {isa = PBXBuildFile; fileRef = E670ED6A499FC5EB914D0CFF /* DropboxManager.swift */; };
		4EB8BEE322695202B1592C91 /* SwiftyDropbox in Frameworks */ = {isa = PBXBuildFile; productRef = CFACE4BB53368EE3AD9AEA6D /* SwiftyDropbox */; };
		9AD3301071E2CA9C67C1B8F6 /* AudioRecorder.swift in Sources */ = {isa = PBXBuildFile; fileRef = BFB12967FF8743A43243E7D1 /* AudioRecorder.swift */; };
		ACA64F1D2BA856728F323BE2 /* ClipsView.swift in Sources */ = {isa = PBXBuildFile; fileRef = E356DF5EFD2C0716AFF71E34 /* ClipsView.swift */; };
		B1DE4695C0BBB1EAB92AB8E4 /* ContentView.swift in Sources */ = {isa = PBXBuildFile; fileRef = 79ED68C0DD2A9C4C478B936A /* ContentView.swift */; };
		B6B14D5A8FD5F2815BAAB52F /* SongSparkApp.swift in Sources */ = {isa = PBXBuildFile; fileRef = AE7527303EEB19C48E2A3F6C /* SongSparkApp.swift */; };
		BFC96E44325D4B7AEC940B30 /* Assets.xcassets in Resources */ = {isa = PBXBuildFile; fileRef = B2D3B47E45581AA41B804226 /* Assets.xcassets */; };
		C24F45854857ECBAA9539CB3 /* Clip.swift in Sources */ = {isa = PBXBuildFile; fileRef = 384854F822B394674388306E /* Clip.swift */; };
		E5AB6705F5457F5C82CEDA58 /* ClipStore.swift in Sources */ = {isa = PBXBuildFile; fileRef = 5EEB945DEF635B2D7BCAC067 /* ClipStore.swift */; };
/* End PBXBuildFile section */

/* Begin PBXFileReference section */
		136371FDA8A3B3753BD34448 /* SettingsView.swift */ = {isa = PBXFileReference; lastKnownFileType = sourcecode.swift; path = SettingsView.swift; sourceTree = "<group>"; };
		24D8C2F51121CB50DC6B7507 /* ClipNameSheet.swift */ = {isa = PBXFileReference; lastKnownFileType = sourcecode.swift; path = ClipNameSheet.swift; sourceTree = "<group>"; };
		2DBE26205292DDBCF0B71C38 /* Secrets.xcconfig */ = {isa = PBXFileReference; lastKnownFileType = text.xcconfig; path = Secrets.xcconfig; sourceTree = "<group>"; };
		384854F822B394674388306E /* Clip.swift */ = {isa = PBXFileReference; lastKnownFileType = sourcecode.swift; path = Clip.swift; sourceTree = "<group>"; };
		54EF44B53683ACAFBFA67B32 /* Info.plist */ = {isa = PBXFileReference; lastKnownFileType = text.plist; path = Info.plist; sourceTree = "<group>"; };
		5EEB945DEF635B2D7BCAC067 /* ClipStore.swift */ = {isa = PBXFileReference; lastKnownFileType = sourcecode.swift; path = ClipStore.swift; sourceTree = "<group>"; };
		79ED68C0DD2A9C4C478B936A /* ContentView.swift */ = {isa = PBXFileReference; lastKnownFileType = sourcecode.swift; path = ContentView.swift; sourceTree = "<group>"; };
		AE7527303EEB19C48E2A3F6C /* SongSparkApp.swift */ = {isa = PBXFileReference; lastKnownFileType = sourcecode.swift; path = SongSparkApp.swift; sourceTree = "<group>"; };
		B2D3B47E45581AA41B804226 /* Assets.xcassets */ = {isa = PBXFileReference; lastKnownFileType = folder.assetcatalog; path = Assets.xcassets; sourceTree = "<group>"; };
		BFB12967FF8743A43243E7D1 /* AudioRecorder.swift */ = {isa = PBXFileReference; lastKnownFileType = sourcecode.swift; path = AudioRecorder.swift; sourceTree = "<group>"; };
		D94C8AB497E439961DA3F7BC /* SongSpark.app */ = {isa = PBXFileReference; includeInIndex = 0; lastKnownFileType = wrapper.application; path = SongSpark.app; sourceTree = BUILT_PRODUCTS_DIR; };
		E356DF5EFD2C0716AFF71E34 /* ClipsView.swift */ = {isa = PBXFileReference; lastKnownFileType = sourcecode.swift; path = ClipsView.swift; sourceTree = "<group>"; };
		E670ED6A499FC5EB914D0CFF /* DropboxManager.swift */ = {isa = PBXFileReference; lastKnownFileType = sourcecode.swift; path = DropboxManager.swift; sourceTree = "<group>"; };
/* End PBXFileReference section */

/* Begin PBXFrameworksBuildPhase section */
		C48809A23EF81AFAFADF69FD /* Frameworks */ = {
			isa = PBXFrameworksBuildPhase;
			buildActionMask = 2147483647;
			files = (
				4EB8BEE322695202B1592C91 /* SwiftyDropbox in Frameworks */,
			);
			runOnlyForDeploymentPostprocessing = 0;
		};
/* End PBXFrameworksBuildPhase section */

/* Begin PBXGroup section */
		30FEA99073D362DCEE0A89D2 /* Config */ = {
			isa = PBXGroup;
			children = (
				2DBE26205292DDBCF0B71C38 /* Secrets.xcconfig */,
			);
			path = Config;
			sourceTree = "<group>";
		};
		3E97E3FCDCDBFE3B4AB42EF3 = {
			isa = PBXGroup;
			children = (
				30FEA99073D362DCEE0A89D2 /* Config */,
				F8212E5D7760ED502CAC1B45 /* SongSpark */,
				F3A44A7EE9E3F92E7B146095 /* Products */,
			);
			sourceTree = "<group>";
		};
		F3A44A7EE9E3F92E7B146095 /* Products */ = {
			isa = PBXGroup;
			children = (
				D94C8AB497E439961DA3F7BC /* SongSpark.app */,
			);
			name = Products;
			sourceTree = "<group>";
		};
		F8212E5D7760ED502CAC1B45 /* SongSpark */ = {
			isa = PBXGroup;
			children = (
				B2D3B47E45581AA41B804226 /* Assets.xcassets */,
				BFB12967FF8743A43243E7D1 /* AudioRecorder.swift */,
				384854F822B394674388306E /* Clip.swift */,
				24D8C2F51121CB50DC6B7507 /* ClipNameSheet.swift */,
				5EEB945DEF635B2D7BCAC067 /* ClipStore.swift */,
				E356DF5EFD2C0716AFF71E34 /* ClipsView.swift */,
				79ED68C0DD2A9C4C478B936A /* ContentView.swift */,
				E670ED6A499FC5EB914D0CFF /* DropboxManager.swift */,
				54EF44B53683ACAFBFA67B32 /* Info.plist */,
				136371FDA8A3B3753BD34448 /* SettingsView.swift */,
				AE7527303EEB19C48E2A3F6C /* SongSparkApp.swift */,
			);
			path = SongSpark;
			sourceTree = "<group>";
		};
/* End PBXGroup section */

/* Begin PBXNativeTarget section */
		D516A898A73515BA061E1B07 /* SongSpark */ = {
			isa = PBXNativeTarget;
			buildConfigurationList = 59F7C1F8C8BE9C1577FEE448 /* Build configuration list for PBXNativeTarget "SongSpark" */;
			buildPhases = (
				42BD2541AB8E9B6974729741 /* Sources */,
				EA74BFA44B1AF53ACC2D31E3 /* Resources */,
				C48809A23EF81AFAFADF69FD /* Frameworks */,
			);
			buildRules = (
			);
			dependencies = (
			);
			name = SongSpark;
			packageProductDependencies = (
				CFACE4BB53368EE3AD9AEA6D /* SwiftyDropbox */,
			);
			productName = SongSpark;
			productReference = D94C8AB497E439961DA3F7BC /* SongSpark.app */;
			productType = "com.apple.product-type.application";
		};
/* End PBXNativeTarget section */

/* Begin PBXProject section */
		2B872EA7F96EDF274B24FD73 /* Project object */ = {
			isa = PBXProject;
			attributes = {
				BuildIndependentTargetsInParallel = YES;
				LastUpgradeCheck = 1600;
			};
			buildConfigurationList = 98BCFAFE70339F218E4DF9B0 /* Build configuration list for PBXProject "SongSpark" */;
			compatibilityVersion = "Xcode 14.0";
			developmentRegion = en;
			hasScannedForEncodings = 0;
			knownRegions = (
				Base,
				en,
			);
			mainGroup = 3E97E3FCDCDBFE3B4AB42EF3;
			minimizedProjectReferenceProxies = 1;
			packageReferences = (
				F8AE2AA524866DBD2A4D785C /* XCRemoteSwiftPackageReference "SwiftyDropbox" */,
			);
			preferredProjectObjectVersion = 77;
			projectDirPath = "";
			projectRoot = "";
			targets = (
				D516A898A73515BA061E1B07 /* SongSpark */,
			);
		};
/* End PBXProject section */

/* Begin PBXResourcesBuildPhase section */
		EA74BFA44B1AF53ACC2D31E3 /* Resources */ = {
			isa = PBXResourcesBuildPhase;
			buildActionMask = 2147483647;
			files = (
				BFC96E44325D4B7AEC940B30 /* Assets.xcassets in Resources */,
			);
			runOnlyForDeploymentPostprocessing = 0;
		};
/* End PBXResourcesBuildPhase section */

/* Begin PBXSourcesBuildPhase section */
		42BD2541AB8E9B6974729741 /* Sources */ = {
			isa = PBXSourcesBuildPhase;
			buildActionMask = 2147483647;
			files = (
				9AD3301071E2CA9C67C1B8F6 /* AudioRecorder.swift in Sources */,
				C24F45854857ECBAA9539CB3 /* Clip.swift in Sources */,
				3BE1E5B4ADA4F7123BD9DDBF /* ClipNameSheet.swift in Sources */,
				E5AB6705F5457F5C82CEDA58 /* ClipStore.swift in Sources */,
				ACA64F1D2BA856728F323BE2 /* ClipsView.swift in Sources */,
				B1DE4695C0BBB1EAB92AB8E4 /* ContentView.swift in Sources */,
				4648764A9A09462EC7EB5C39 /* DropboxManager.swift in Sources */,
				1F5E5FA37F79F234D1EF16B5 /* SettingsView.swift in Sources */,
				B6B14D5A8FD5F2815BAAB52F /* SongSparkApp.swift in Sources */,
			);
			runOnlyForDeploymentPostprocessing = 0;
		};
/* End PBXSourcesBuildPhase section */

/* Begin XCBuildConfiguration section */
		040CEF95824F47D277E5D3D6 /* Release */ = {
			isa = XCBuildConfiguration;
			baseConfigurationReference = 2DBE26205292DDBCF0B71C38 /* Secrets.xcconfig */;
			buildSettings = {
				ASSETCATALOG_COMPILER_APPICON_NAME = AppIcon;
				CODE_SIGN_IDENTITY = "iPhone Developer";
				INFOPLIST_FILE = SongSpark/Info.plist;
				IPHONEOS_DEPLOYMENT_TARGET = 17.0;
				LD_RUNPATH_SEARCH_PATHS = (
					"$(inherited)",
					"@executable_path/Frameworks",
				);
				PRODUCT_BUNDLE_IDENTIFIER = com.songspark.app;
				SDKROOT = iphoneos;
				SWIFT_VERSION = 6.0;
				TARGETED_DEVICE_FAMILY = 1;
			};
			name = Release;
		};
		35A4B1A4EC8841CFB9C4E496 /* Debug */ = {
			isa = XCBuildConfiguration;
			baseConfigurationReference = 2DBE26205292DDBCF0B71C38 /* Secrets.xcconfig */;
			buildSettings = {
				ASSETCATALOG_COMPILER_APPICON_NAME = AppIcon;
				CODE_SIGN_IDENTITY = "iPhone Developer";
				INFOPLIST_FILE = SongSpark/Info.plist;
				IPHONEOS_DEPLOYMENT_TARGET = 17.0;
				LD_RUNPATH_SEARCH_PATHS = (
					"$(inherited)",
					"@executable_path/Frameworks",
				);
				PRODUCT_BUNDLE_IDENTIFIER = com.songspark.app;
				SDKROOT = iphoneos;
				SWIFT_VERSION = 6.0;
				TARGETED_DEVICE_FAMILY = 1;
			};
			name = Debug;
		};
		818F306B970C69FA8C01490E /* Debug */ = {
			isa = XCBuildConfiguration;
			buildSettings = {
				ALWAYS_SEARCH_USER_PATHS = NO;
				CLANG_ANALYZER_NONNULL = YES;
				CLANG_ANALYZER_NUMBER_OBJECT_CONVERSION = YES_AGGRESSIVE;
				CLANG_CXX_LANGUAGE_STANDARD = "gnu++14";
				CLANG_CXX_LIBRARY = "libc++";
				CLANG_ENABLE_MODULES = YES;
				CLANG_ENABLE_OBJC_ARC = YES;
				CLANG_ENABLE_OBJC_WEAK = YES;
				CLANG_WARN_BLOCK_CAPTURE_AUTORELEASING = YES;
				CLANG_WARN_BOOL_CONVERSION = YES;
				CLANG_WARN_COMMA = YES;
				CLANG_WARN_CONSTANT_CONVERSION = YES;
				CLANG_WARN_DEPRECATED_OBJC_IMPLEMENTATIONS = YES;
				CLANG_WARN_DIRECT_OBJC_ISA_USAGE = YES_ERROR;
				CLANG_WARN_DOCUMENTATION_COMMENTS = YES;
				CLANG_WARN_EMPTY_BODY = YES;
				CLANG_WARN_ENUM_CONVERSION = YES;
				CLANG_WARN_INFINITE_RECURSION = YES;
				CLANG_WARN_INT_CONVERSION = YES;
				CLANG_WARN_NON_LITERAL_NULL_CONVERSION = YES;
				CLANG_WARN_OBJC_IMPLICIT_RETAIN_SELF = YES;
				CLANG_WARN_OBJC_LITERAL_CONVERSION = YES;
				CLANG_WARN_OBJC_ROOT_CLASS = YES_ERROR;
				CLANG_WARN_QUOTED_INCLUDE_IN_FRAMEWORK_HEADER = YES;
				CLANG_WARN_RANGE_LOOP_ANALYSIS = YES;
				CLANG_WARN_STRICT_PROTOTYPES = YES;
				CLANG_WARN_SUSPICIOUS_MOVE = YES;
				CLANG_WARN_UNGUARDED_AVAILABILITY = YES_AGGRESSIVE;
				CLANG_WARN_UNREACHABLE_CODE = YES;
				CLANG_WARN__DUPLICATE_METHOD_MATCH = YES;
				COPY_PHASE_STRIP = NO;
				DEBUG_INFORMATION_FORMAT = dwarf;
				ENABLE_STRICT_OBJC_MSGSEND = YES;
				ENABLE_TESTABILITY = YES;
				GCC_C_LANGUAGE_STANDARD = gnu11;
				GCC_DYNAMIC_NO_PIC = NO;
				GCC_NO_COMMON_BLOCKS = YES;
				GCC_OPTIMIZATION_LEVEL = 0;
				GCC_PREPROCESSOR_DEFINITIONS = (
					"$(inherited)",
					"DEBUG=1",
				);
				GCC_WARN_64_TO_32_BIT_CONVERSION = YES;
				GCC_WARN_ABOUT_RETURN_TYPE = YES_ERROR;
				GCC_WARN_UNDECLARED_SELECTOR = YES;
				GCC_WARN_UNINITIALIZED_AUTOS = YES_AGGRESSIVE;
				GCC_WARN_UNUSED_FUNCTION = YES;
				GCC_WARN_UNUSED_VARIABLE = YES;
				IPHONEOS_DEPLOYMENT_TARGET = 17.0;
				MTL_ENABLE_DEBUG_INFO = INCLUDE_SOURCE;
				MTL_FAST_MATH = YES;
				ONLY_ACTIVE_ARCH = YES;
				PRODUCT_NAME = "$(TARGET_NAME)";
				SDKROOT = iphoneos;
				SWIFT_ACTIVE_COMPILATION_CONDITIONS = DEBUG;
				SWIFT_OPTIMIZATION_LEVEL = "-Onone";
				SWIFT_VERSION = 5.0;
			};
			name = Debug;
		};
		A49A62396F48D00C4F105616 /* Release */ = {
			isa = XCBuildConfiguration;
			buildSettings = {
				ALWAYS_SEARCH_USER_PATHS = NO;
				CLANG_ANALYZER_NONNULL = YES;
				CLANG_ANALYZER_NUMBER_OBJECT_CONVERSION = YES_AGGRESSIVE;
				CLANG_CXX_LANGUAGE_STANDARD = "gnu++14";
				CLANG_CXX_LIBRARY = "libc++";
				CLANG_ENABLE_MODULES = YES;
				CLANG_ENABLE_OBJC_ARC = YES;
				CLANG_ENABLE_OBJC_WEAK = YES;
				CLANG_WARN_BLOCK_CAPTURE_AUTORELEASING = YES;
				CLANG_WARN_BOOL_CONVERSION = YES;
				CLANG_WARN_COMMA = YES;
				CLANG_WARN_CONSTANT_CONVERSION = YES;
				CLANG_WARN_DEPRECATED_OBJC_IMPLEMENTATIONS = YES;
				CLANG_WARN_DIRECT_OBJC_ISA_USAGE = YES_ERROR;
				CLANG_WARN_DOCUMENTATION_COMMENTS = YES;
				CLANG_WARN_EMPTY_BODY = YES;
				CLANG_WARN_ENUM_CONVERSION = YES;
				CLANG_WARN_INFINITE_RECURSION = YES;
				CLANG_WARN_INT_CONVERSION = YES;
				CLANG_WARN_NON_LITERAL_NULL_CONVERSION = YES;
				CLANG_WARN_OBJC_IMPLICIT_RETAIN_SELF = YES;
				CLANG_WARN_OBJC_LITERAL_CONVERSION = YES;
				CLANG_WARN_OBJC_ROOT_CLASS = YES_ERROR;
				CLANG_WARN_QUOTED_INCLUDE_IN_FRAMEWORK_HEADER = YES;
				CLANG_WARN_RANGE_LOOP_ANALYSIS = YES;
				CLANG_WARN_STRICT_PROTOTYPES = YES;
				CLANG_WARN_SUSPICIOUS_MOVE = YES;
				CLANG_WARN_UNGUARDED_AVAILABILITY = YES_AGGRESSIVE;
				CLANG_WARN_UNREACHABLE_CODE = YES;
				CLANG_WARN__DUPLICATE_METHOD_MATCH = YES;
				COPY_PHASE_STRIP = NO;
				DEBUG_INFORMATION_FORMAT = "dwarf-with-dsym";
				ENABLE_NS_ASSERTIONS = NO;
				ENABLE_STRICT_OBJC_MSGSEND = YES;
				GCC_C_LANGUAGE_STANDARD = gnu11;
				GCC_NO_COMMON_BLOCKS = YES;
				GCC_WARN_64_TO_32_BIT_CONVERSION = YES;
				GCC_WARN_ABOUT_RETURN_TYPE = YES_ERROR;
				GCC_WARN_UNDECLARED_SELECTOR = YES;
				GCC_WARN_UNINITIALIZED_AUTOS = YES_AGGRESSIVE;
				GCC_WARN_UNUSED_FUNCTION = YES;
				GCC_WARN_UNUSED_VARIABLE = YES;
				IPHONEOS_DEPLOYMENT_TARGET = 17.0;
				MTL_ENABLE_DEBUG_INFO = NO;
				MTL_FAST_MATH = YES;
				PRODUCT_NAME = "$(TARGET_NAME)";
				SDKROOT = iphoneos;
				SWIFT_COMPILATION_MODE = wholemodule;
				SWIFT_OPTIMIZATION_LEVEL = "-O";
				SWIFT_VERSION = 5.0;
			};
			name = Release;
		};
/* End XCBuildConfiguration section */

/* Begin XCConfigurationList section */
		59F7C1F8C8BE9C1577FEE448 /* Build configuration list for PBXNativeTarget "SongSpark" */ = {
			isa = XCConfigurationList;
			buildConfigurations = (
				35A4B1A4EC8841CFB9C4E496 /* Debug */,
				040CEF95824F47D277E5D3D6 /* Release */,
			);
			defaultConfigurationIsVisible = 0;
			defaultConfigurationName = Debug;
		};
		98BCFAFE70339F218E4DF9B0 /* Build configuration list for PBXProject "SongSpark" */ = {
			isa = XCConfigurationList;
			buildConfigurations = (
				818F306B970C69FA8C01490E /* Debug */,
				A49A62396F48D00C4F105616 /* Release */,
			);
			defaultConfigurationIsVisible = 0;
			defaultConfigurationName = Debug;
		};
/* End XCConfigurationList section */

/* Begin XCRemoteSwiftPackageReference section */
		F8AE2AA524866DBD2A4D785C /* XCRemoteSwiftPackageReference "SwiftyDropbox" */ = {
			isa = XCRemoteSwiftPackageReference;
			repositoryURL = "https://github.com/dropbox/SwiftyDropbox";
			requirement = {
				kind = upToNextMajorVersion;
				minimumVersion = 10.0.0;
			};
		};
/* End XCRemoteSwiftPackageReference section */

/* Begin XCSwiftPackageProductDependency section */
		CFACE4BB53368EE3AD9AEA6D /* SwiftyDropbox */ = {
			isa = XCSwiftPackageProductDependency;
			package = F8AE2AA524866DBD2A4D785C /* XCRemoteSwiftPackageReference "SwiftyDropbox" */;
			productName = SwiftyDropbox;
		};
/* End XCSwiftPackageProductDependency section */
	};
	rootObject = 2B872EA7F96EDF274B24FD73 /* Project object */;
}
